{
  "version": 4,
  "terraform_version": "1.4.6",
  "serial": 3,
  "lineage": "1081bc60-064d-78b2-8592-28eb549df15b",
  "outputs": {},
  "resources": [
    {
      "mode": "managed",
      "type": "google_compute_instance",
      "name": "sql_vms",
      "provider": "provider[\"registry.terraform.io/hashicorp/google\"]",
      "instances": [
        {
          "schema_version": 6,
          "attributes": {
            "advanced_machine_features": [],
            "allow_stopping_for_update": null,
            "attached_disk": [],
            "boot_disk": [
              {
                "auto_delete": true,
                "device_name": "persistent-disk-0",
                "disk_encryption_key_raw": "",
                "disk_encryption_key_sha256": "",
                "initialize_params": [
                  {
                    "image": "https://www.googleapis.com/compute/v1/projects/windows-cloud/global/images/windows-server-2019-dc-core-v20211012",
                    "labels": {},
                    "resource_manager_tags": null,
                    "size": 32,
                    "type": "pd-standard"
                  }
                ],
                "kms_key_self_link": "",
                "mode": "READ_WRITE",
                "source": "https://www.googleapis.com/compute/v1/projects/optimum-tensor-382601/zones/us-central1-b/disks/sql-server2"
              }
            ],
            "can_ip_forward": false,
            "confidential_instance_config": [],
            "cpu_platform": "Intel Haswell",
            "current_status": "RUNNING",
            "deletion_protection": false,
            "description": "",
            "desired_status": null,
            "enable_display": false,
            "guest_accelerator": [],
            "hostname": "",
            "id": "projects/optimum-tensor-382601/zones/us-central1-b/instances/sql-server2",
            "instance_id": "8390894609350043918",
            "label_fingerprint": "42WmSpB8rSM=",
            "labels": null,
            "machine_type": "n1-standard-4",
            "metadata": {
              "windows-startup-script-ps1": "      # Set Windows password\n      $password = ConvertTo-SecureString \"Keppel@123\" -AsPlainText -Force\n      $user = [adsi]\"WinNT://./Administrator, user\"\n      $user.SetPassword($password)\n\n      # Create a local user\n      $username = \"admin\"\n      $password = \"Keppel@123\"\n      $securePassword = ConvertTo-SecureString -String $password -AsPlainText -Force\n      $localUser = [adsi](\"WinNT://./$username, user\")\n      $localUser.SetPassword($password)\n      $localUser.SetInfo()\n\n      # Add local user to the Administrators group\n      $group = [adsi](\"WinNT://./Administrators, group\")\n      $group.Add(\"WinNT://./$username, user\")\n\n      # Enable RDP for the local user\n      Set-ItemProperty -Path 'HKLM:\\System\\CurrentControlSet\\Control\\Terminal Server\\WinStations\\RDP-Tcp' -name 'UserAuthentication' -Value 1\n      Set-ItemProperty -Path 'HKLM:\\System\\CurrentControlSet\\Control\\Terminal Server\\WinStations\\RDP-Tcp' -name 'SecurityLayer' -Value 1\n"
            },
            "metadata_fingerprint": "c_sKmSeqJCg=",
            "metadata_startup_script": null,
            "min_cpu_platform": "",
            "name": "sql-server2",
            "network_interface": [
              {
                "access_config": [],
                "alias_ip_range": [],
                "ipv6_access_config": [],
                "ipv6_access_type": "",
                "name": "nic0",
                "network": "https://www.googleapis.com/compute/v1/projects/optimum-tensor-382601/global/networks/default",
                "network_ip": "10.128.0.4",
                "nic_type": "",
                "queue_count": 0,
                "stack_type": "IPV4_ONLY",
                "subnetwork": "https://www.googleapis.com/compute/v1/projects/optimum-tensor-382601/regions/us-central1/subnetworks/default",
                "subnetwork_project": "optimum-tensor-382601"
              }
            ],
            "network_performance_config": [],
            "params": [],
            "project": "optimum-tensor-382601",
            "reservation_affinity": [],
            "resource_policies": null,
            "scheduling": [
              {
                "automatic_restart": true,
                "instance_termination_action": "",
                "min_node_cpus": 0,
                "node_affinities": [],
                "on_host_maintenance": "MIGRATE",
                "preemptible": false,
                "provisioning_model": "STANDARD"
              }
            ],
            "scratch_disk": [],
            "self_link": "https://www.googleapis.com/compute/v1/projects/optimum-tensor-382601/zones/us-central1-b/instances/sql-server2",
            "service_account": [],
            "shielded_instance_config": [
              {
                "enable_integrity_monitoring": true,
                "enable_secure_boot": false,
                "enable_vtpm": true
              }
            ],
            "tags": null,
            "tags_fingerprint": "42WmSpB8rSM=",
            "timeouts": null,
            "zone": "us-central1-b"
          },
          "sensitive_attributes": [],
          "private": "eyJlMmJmYjczMC1lY2FhLTExZTYtOGY4OC0zNDM2M2JjN2M0YzAiOnsiY3JlYXRlIjoxMjAwMDAwMDAwMDAwLCJkZWxldGUiOjEyMDAwMDAwMDAwMDAsInVwZGF0ZSI6MTIwMDAwMDAwMDAwMH0sInNjaGVtYV92ZXJzaW9uIjoiNiJ9"
        }
      ]
    }
  ],
  "check_results": null
}
